
Microsoft Visual Studio Solution File, Format Version 12.00
# Visual Studio Version 16
VisualStudioVersion = 16.0.34114.132
MinimumVisualStudioVersion = 10.0.40219.1
Project("{FAE04EC0-301F-11D3-BF4B-00C04F79EFBC}") = "SmartSetll-Analytics-V2", "SmartSetll-Analytics-V2.csproj", "{A33316D5-100E-4070-A964-E46C904A2CBE}"
EndProject
Global
	GlobalSection(SolutionConfigurationPlatforms) = preSolution
		Debug|Any CPU = Debug|Any CPU
		Release|Any CPU = Release|Any CPU
	EndGlobalSection
	GlobalSection(ProjectConfigurationPlatforms) = postSolution
		{A33316D5-100E-4070-A964-E46C904A2CBE}.Debug|Any CPU.ActiveCfg = Debug|Any CPU
		{A33316D5-100E-4070-A964-E46C904A2CBE}.Debug|Any CPU.Build.0 = Debug|Any CPU
		{A33316D5-100E-4070-A964-E46C904A2CBE}.Release|Any CPU.ActiveCfg = Release|Any CPU
		{A33316D5-100E-4070-A964-E46C904A2CBE}.Release|Any CPU.Build.0 = Release|Any CPU
	EndGlobalSection
	GlobalSection(SolutionProperties) = preSolution
		HideSolutionNode = FALSE
	EndGlobalSection
	GlobalSection(ExtensibilityGlobals) = postSolution
		SolutionGuid = {02A10B8C-0E9B-464C-A3D9-574819ACD400}
	EndGlobalSection
EndGlobal
